
Microsoft Visual Studio Solution File, Format Version 12.00
# Visual Studio 14
VisualStudioVersion = 14.0.25123.0
MinimumVisualStudioVersion = 10.0.40219.1
Project("{DFB2038B-627A-4450-8F2B-1D85AFC825CC}") = "Sitecore.Support.209090", "Sitecore.Support.209090\Sitecore.Support.209090.csproj", "{57973B20-2409-4F99-9925-7E8CBA0A4591}"
EndProject
Global
	GlobalSection(SolutionConfigurationPlatforms) = preSolution
		Debug|Any CPU = Debug|Any CPU
		Release|Any CPU = Release|Any CPU
	EndGlobalSection
	GlobalSection(ProjectConfigurationPlatforms) = postSolution
		{57973B20-2409-4F99-9925-7E8CBA0A4591}.Debug|Any CPU.ActiveCfg = Debug|Any CPU
		{57973B20-2409-4F99-9925-7E8CBA0A4591}.Debug|Any CPU.Build.0 = Debug|Any CPU
		{57973B20-2409-4F99-9925-7E8CBA0A4591}.Release|Any CPU.ActiveCfg = Release|Any CPU
		{57973B20-2409-4F99-9925-7E8CBA0A4591}.Release|Any CPU.Build.0 = Release|Any CPU
	EndGlobalSection
	GlobalSection(SolutionProperties) = preSolution
		HideSolutionNode = FALSE
	EndGlobalSection
EndGlobal
